
Microsoft Visual Studio Solution File, Format Version 12.00
# Visual Studio 2015
Project("{FAE04EC0-301F-11D3-BF4B-00C04F79EFBC}") = "Blockbreak2D.Plugins", "Blockbreak2D.Plugins.csproj", "{67D7484A-450C-2381-7124-2D07D0770490}"
EndProject
Project("{FAE04EC0-301F-11D3-BF4B-00C04F79EFBC}") = "Blockbreak2D", "Blockbreak2D.csproj", "{39498612-6271-D90E-D6A9-DA41042DB998}"
EndProject
Project("{FAE04EC0-301F-11D3-BF4B-00C04F79EFBC}") = "Blockbreak2D.Editor.Plugins", "Blockbreak2D.Editor.Plugins.csproj", "{D49ADCB6-9126-2284-F0CF-228EB2DCF26A}"
EndProject
Global
	GlobalSection(SolutionConfigurationPlatforms) = preSolution
		Debug|Any CPU = Debug|Any CPU
		Release|Any CPU = Release|Any CPU
	EndGlobalSection
	GlobalSection(ProjectConfigurationPlatforms) = postSolution
		{67D7484A-450C-2381-7124-2D07D0770490}.Debug|Any CPU.ActiveCfg = Debug|Any CPU
		{67D7484A-450C-2381-7124-2D07D0770490}.Debug|Any CPU.Build.0 = Debug|Any CPU
		{67D7484A-450C-2381-7124-2D07D0770490}.Release|Any CPU.ActiveCfg = Release|Any CPU
		{67D7484A-450C-2381-7124-2D07D0770490}.Release|Any CPU.Build.0 = Release|Any CPU
		{39498612-6271-D90E-D6A9-DA41042DB998}.Debug|Any CPU.ActiveCfg = Debug|Any CPU
		{39498612-6271-D90E-D6A9-DA41042DB998}.Debug|Any CPU.Build.0 = Debug|Any CPU
		{39498612-6271-D90E-D6A9-DA41042DB998}.Release|Any CPU.ActiveCfg = Release|Any CPU
		{39498612-6271-D90E-D6A9-DA41042DB998}.Release|Any CPU.Build.0 = Release|Any CPU
		{D49ADCB6-9126-2284-F0CF-228EB2DCF26A}.Debug|Any CPU.ActiveCfg = Debug|Any CPU
		{D49ADCB6-9126-2284-F0CF-228EB2DCF26A}.Debug|Any CPU.Build.0 = Debug|Any CPU
		{D49ADCB6-9126-2284-F0CF-228EB2DCF26A}.Release|Any CPU.ActiveCfg = Release|Any CPU
		{D49ADCB6-9126-2284-F0CF-228EB2DCF26A}.Release|Any CPU.Build.0 = Release|Any CPU
	EndGlobalSection
	GlobalSection(SolutionProperties) = preSolution
		HideSolutionNode = FALSE
	EndGlobalSection
EndGlobal
